// !$*UTF8*$!
{
	archiveVersion = 1;
	classes = {
	};
	objectVersion = 56;
	objects = {

/* Begin PBXBuildFile section */
		B374FF4D2AE9DD5100C4A042 /* LabelFactory.swift in Sources */ = {isa = PBXBuildFile; fileRef = B374FF4C2AE9DD5100C4A042 /* LabelFactory.swift */; };
		B3A26EF62AF3EF1F00DC43A8 /* GameViewController.swift in Sources */ = {isa = PBXBuildFile; fileRef = B3A26EF52AF3EF1F00DC43A8 /* GameViewController.swift */; };
		B3AB72AE2AF49ED2007DB6C5 /* PokemonData.swift in Sources */ = {isa = PBXBuildFile; fileRef = B3AB72AD2AF49ED2007DB6C5 /* PokemonData.swift */; };
		B3AB72B22AF4A06A007DB6C5 /* PokemonManager.swift in Sources */ = {isa = PBXBuildFile; fileRef = B3AB72B12AF4A06A007DB6C5 /* PokemonManager.swift */; };
		B3AB72B62AF4A2F7007DB6C5 /* PokemonDTO.swift in Sources */ = {isa = PBXBuildFile; fileRef = B3AB72B52AF4A2F7007DB6C5 /* PokemonDTO.swift */; };
		B3AB72B82AF4A3FB007DB6C5 /* JsonConverter.swift in Sources */ = {isa = PBXBuildFile; fileRef = B3AB72B72AF4A3FB007DB6C5 /* JsonConverter.swift */; };
		B3AB72BA2AF4AA9C007DB6C5 /* Collection+ext.swift in Sources */ = {isa = PBXBuildFile; fileRef = B3AB72B92AF4AA9C007DB6C5 /* Collection+ext.swift */; };
		B3AB72BC2AF4ADFF007DB6C5 /* ImageData.swift in Sources */ = {isa = PBXBuildFile; fileRef = B3AB72BB2AF4ADFF007DB6C5 /* ImageData.swift */; };
		B3AB72BE2AF4AEC6007DB6C5 /* ImageDTO.swift in Sources */ = {isa = PBXBuildFile; fileRef = B3AB72BD2AF4AEC6007DB6C5 /* ImageDTO.swift */; };
		B3AB72C02AF4AF06007DB6C5 /* ImageManager.swift in Sources */ = {isa = PBXBuildFile; fileRef = B3AB72BF2AF4AF06007DB6C5 /* ImageManager.swift */; };
		B3AB72C22AF4B0D5007DB6C5 /* ManagerProtocol.swift in Sources */ = {isa = PBXBuildFile; fileRef = B3AB72C12AF4B0D5007DB6C5 /* ManagerProtocol.swift */; };
		B3AB72C62AF4B6CD007DB6C5 /* UIGameButton.swift in Sources */ = {isa = PBXBuildFile; fileRef = B3AB72C52AF4B6CD007DB6C5 /* UIGameButton.swift */; };
		B3AB72C82AF4B759007DB6C5 /* ButtonProtocol.swift in Sources */ = {isa = PBXBuildFile; fileRef = B3AB72C72AF4B759007DB6C5 /* ButtonProtocol.swift */; };
		B3C5F7432ADF5A5500FFA77A /* AppDelegate.swift in Sources */ = {isa = PBXBuildFile; fileRef = B3C5F7422ADF5A5500FFA77A /* AppDelegate.swift */; };
		B3C5F7452ADF5A5500FFA77A /* SceneDelegate.swift in Sources */ = {isa = PBXBuildFile; fileRef = B3C5F7442ADF5A5500FFA77A /* SceneDelegate.swift */; };
		B3C5F7472ADF5A5500FFA77A /* ViewController.swift in Sources */ = {isa = PBXBuildFile; fileRef = B3C5F7462ADF5A5500FFA77A /* ViewController.swift */; };
		B3C5F74C2ADF5A5600FFA77A /* Assets.xcassets in Resources */ = {isa = PBXBuildFile; fileRef = B3C5F74B2ADF5A5600FFA77A /* Assets.xcassets */; };
		B3C5F74F2ADF5A5600FFA77A /* LaunchScreen.storyboard in Resources */ = {isa = PBXBuildFile; fileRef = B3C5F74D2ADF5A5600FFA77A /* LaunchScreen.storyboard */; };
		B3C5F75C2ADF5AF800FFA77A /* Kingfisher in Frameworks */ = {isa = PBXBuildFile; productRef = B3C5F75B2ADF5AF800FFA77A /* Kingfisher */; };
		B3C5F75E2ADF5C9E00FFA77A /* Datasource.swift in Sources */ = {isa = PBXBuildFile; fileRef = B3C5F75D2ADF5C9E00FFA77A /* Datasource.swift */; };
		B3C5F7602ADF5D9900FFA77A /* UIMenuView.swift in Sources */ = {isa = PBXBuildFile; fileRef = B3C5F75F2ADF5D9900FFA77A /* UIMenuView.swift */; };
		B3C5F7622ADF611F00FFA77A /* UIMenuButton.swift in Sources */ = {isa = PBXBuildFile; fileRef = B3C5F7612ADF611F00FFA77A /* UIMenuButton.swift */; };
/* End PBXBuildFile section */

/* Begin PBXFileReference section */
		B374FF4C2AE9DD5100C4A042 /* LabelFactory.swift */ = {isa = PBXFileReference; lastKnownFileType = sourcecode.swift; path = LabelFactory.swift; sourceTree = "<group>"; };
		B3A26EF52AF3EF1F00DC43A8 /* GameViewController.swift */ = {isa = PBXFileReference; lastKnownFileType = sourcecode.swift; path = GameViewController.swift; sourceTree = "<group>"; };
		B3AB72AD2AF49ED2007DB6C5 /* PokemonData.swift */ = {isa = PBXFileReference; lastKnownFileType = sourcecode.swift; path = PokemonData.swift; sourceTree = "<group>"; };
		B3AB72B12AF4A06A007DB6C5 /* PokemonManager.swift */ = {isa = PBXFileReference; lastKnownFileType = sourcecode.swift; path = PokemonManager.swift; sourceTree = "<group>"; };
		B3AB72B52AF4A2F7007DB6C5 /* PokemonDTO.swift */ = {isa = PBXFileReference; lastKnownFileType = sourcecode.swift; path = PokemonDTO.swift; sourceTree = "<group>"; };
		B3AB72B72AF4A3FB007DB6C5 /* JsonConverter.swift */ = {isa = PBXFileReference; lastKnownFileType = sourcecode.swift; path = JsonConverter.swift; sourceTree = "<group>"; };
		B3AB72B92AF4AA9C007DB6C5 /* Collection+ext.swift */ = {isa = PBXFileReference; lastKnownFileType = sourcecode.swift; path = "Collection+ext.swift"; sourceTree = "<group>"; };
		B3AB72BB2AF4ADFF007DB6C5 /* ImageData.swift */ = {isa = PBXFileReference; lastKnownFileType = sourcecode.swift; path = ImageData.swift; sourceTree = "<group>"; };
		B3AB72BD2AF4AEC6007DB6C5 /* ImageDTO.swift */ = {isa = PBXFileReference; lastKnownFileType = sourcecode.swift; path = ImageDTO.swift; sourceTree = "<group>"; };
		B3AB72BF2AF4AF06007DB6C5 /* ImageManager.swift */ = {isa = PBXFileReference; lastKnownFileType = sourcecode.swift; path = ImageManager.swift; sourceTree = "<group>"; };
		B3AB72C12AF4B0D5007DB6C5 /* ManagerProtocol.swift */ = {isa = PBXFileReference; lastKnownFileType = sourcecode.swift; path = ManagerProtocol.swift; sourceTree = "<group>"; };
		B3AB72C52AF4B6CD007DB6C5 /* UIGameButton.swift */ = {isa = PBXFileReference; lastKnownFileType = sourcecode.swift; path = UIGameButton.swift; sourceTree = "<group>"; };
		B3AB72C72AF4B759007DB6C5 /* ButtonProtocol.swift */ = {isa = PBXFileReference; lastKnownFileType = sourcecode.swift; path = ButtonProtocol.swift; sourceTree = "<group>"; };
		B3C5F73F2ADF5A5500FFA77A /* Pokemon-Game-IOS.app */ = {isa = PBXFileReference; explicitFileType = wrapper.application; includeInIndex = 0; path = "Pokemon-Game-IOS.app"; sourceTree = BUILT_PRODUCTS_DIR; };
		B3C5F7422ADF5A5500FFA77A /* AppDelegate.swift */ = {isa = PBXFileReference; lastKnownFileType = sourcecode.swift; path = AppDelegate.swift; sourceTree = "<group>"; };
		B3C5F7442ADF5A5500FFA77A /* SceneDelegate.swift */ = {isa = PBXFileReference; lastKnownFileType = sourcecode.swift; path = SceneDelegate.swift; sourceTree = "<group>"; };
		B3C5F7462ADF5A5500FFA77A /* ViewController.swift */ = {isa = PBXFileReference; lastKnownFileType = sourcecode.swift; path = ViewController.swift; sourceTree = "<group>"; };
		B3C5F74B2ADF5A5600FFA77A /* Assets.xcassets */ = {isa = PBXFileReference; lastKnownFileType = folder.assetcatalog; path = Assets.xcassets; sourceTree = "<group>"; };
		B3C5F74E2ADF5A5600FFA77A /* Base */ = {isa = PBXFileReference; lastKnownFileType = file.storyboard; name = Base; path = Base.lproj/LaunchScreen.storyboard; sourceTree = "<group>"; };
		B3C5F7502ADF5A5600FFA77A /* Info.plist */ = {isa = PBXFileReference; lastKnownFileType = text.plist.xml; path = Info.plist; sourceTree = "<group>"; };
		B3C5F75D2ADF5C9E00FFA77A /* Datasource.swift */ = {isa = PBXFileReference; lastKnownFileType = sourcecode.swift; path = Datasource.swift; sourceTree = "<group>"; };
		B3C5F75F2ADF5D9900FFA77A /* UIMenuView.swift */ = {isa = PBXFileReference; lastKnownFileType = sourcecode.swift; path = UIMenuView.swift; sourceTree = "<group>"; };
		B3C5F7612ADF611F00FFA77A /* UIMenuButton.swift */ = {isa = PBXFileReference; lastKnownFileType = sourcecode.swift; path = UIMenuButton.swift; sourceTree = "<group>"; };
/* End PBXFileReference section */

/* Begin PBXFrameworksBuildPhase section */
		B3C5F73C2ADF5A5500FFA77A /* Frameworks */ = {
			isa = PBXFrameworksBuildPhase;
			buildActionMask = 2147483647;
			files = (
				B3C5F75C2ADF5AF800FFA77A /* Kingfisher in Frameworks */,
			);
			runOnlyForDeploymentPostprocessing = 0;
		};
/* End PBXFrameworksBuildPhase section */

/* Begin PBXGroup section */
		B3AB72AF2AF49ED8007DB6C5 /* Data */ = {
			isa = PBXGroup;
			children = (
				B3AB72AD2AF49ED2007DB6C5 /* PokemonData.swift */,
				B3AB72BB2AF4ADFF007DB6C5 /* ImageData.swift */,
			);
			path = Data;
			sourceTree = "<group>";
		};
		B3AB72B02AF4A057007DB6C5 /* managers */ = {
			isa = PBXGroup;
			children = (
				B3AB72B12AF4A06A007DB6C5 /* PokemonManager.swift */,
				B3AB72BF2AF4AF06007DB6C5 /* ImageManager.swift */,
				B3AB72C12AF4B0D5007DB6C5 /* ManagerProtocol.swift */,
			);
			path = managers;
			sourceTree = "<group>";
		};
		B3AB72B32AF4A2DB007DB6C5 /* DTO */ = {
			isa = PBXGroup;
			children = (
				B3AB72B52AF4A2F7007DB6C5 /* PokemonDTO.swift */,
				B3AB72BD2AF4AEC6007DB6C5 /* ImageDTO.swift */,
			);
			path = DTO;
			sourceTree = "<group>";
		};
		B3AB72C32AF4B684007DB6C5 /* menu */ = {
			isa = PBXGroup;
			children = (
				B3C5F75F2ADF5D9900FFA77A /* UIMenuView.swift */,
				B3C5F7612ADF611F00FFA77A /* UIMenuButton.swift */,
			);
			path = menu;
			sourceTree = "<group>";
		};
		B3AB72C42AF4B694007DB6C5 /* game */ = {
			isa = PBXGroup;
			children = (
				B3AB72C52AF4B6CD007DB6C5 /* UIGameButton.swift */,
			);
			path = game;
			sourceTree = "<group>";
		};
		B3C5F7362ADF5A5500FFA77A = {
			isa = PBXGroup;
			children = (
				B3C5F7412ADF5A5500FFA77A /* Pokemon-Game-IOS */,
				B3C5F7402ADF5A5500FFA77A /* Products */,
			);
			sourceTree = "<group>";
		};
		B3C5F7402ADF5A5500FFA77A /* Products */ = {
			isa = PBXGroup;
			children = (
				B3C5F73F2ADF5A5500FFA77A /* Pokemon-Game-IOS.app */,
			);
			name = Products;
			sourceTree = "<group>";
		};
		B3C5F7412ADF5A5500FFA77A /* Pokemon-Game-IOS */ = {
			isa = PBXGroup;
			children = (
				B3C5F7592ADF5ADA00FFA77A /* utils */,
				B3C5F7582ADF5AD500FFA77A /* view */,
				B3C5F7572ADF5ACE00FFA77A /* controller */,
				B3C5F7562ADF5AC900FFA77A /* model */,
				B3C5F7422ADF5A5500FFA77A /* AppDelegate.swift */,
				B3C5F7442ADF5A5500FFA77A /* SceneDelegate.swift */,
				B3C5F74B2ADF5A5600FFA77A /* Assets.xcassets */,
				B3C5F74D2ADF5A5600FFA77A /* LaunchScreen.storyboard */,
				B3C5F7502ADF5A5600FFA77A /* Info.plist */,
			);
			path = "Pokemon-Game-IOS";
			sourceTree = "<group>";
		};
		B3C5F7562ADF5AC900FFA77A /* model */ = {
			isa = PBXGroup;
			children = (
				B3AB72B32AF4A2DB007DB6C5 /* DTO */,
				B3AB72B02AF4A057007DB6C5 /* managers */,
				B3AB72AF2AF49ED8007DB6C5 /* Data */,
			);
			path = model;
			sourceTree = "<group>";
		};
		B3C5F7572ADF5ACE00FFA77A /* controller */ = {
			isa = PBXGroup;
			children = (
				B3C5F7462ADF5A5500FFA77A /* ViewController.swift */,
				B3A26EF52AF3EF1F00DC43A8 /* GameViewController.swift */,
			);
			path = controller;
			sourceTree = "<group>";
		};
		B3C5F7582ADF5AD500FFA77A /* view */ = {
			isa = PBXGroup;
			children = (
				B3AB72C42AF4B694007DB6C5 /* game */,
				B3AB72C32AF4B684007DB6C5 /* menu */,
				B3AB72C72AF4B759007DB6C5 /* ButtonProtocol.swift */,
			);
			path = view;
			sourceTree = "<group>";
		};
		B3C5F7592ADF5ADA00FFA77A /* utils */ = {
			isa = PBXGroup;
			children = (
				B3C5F75D2ADF5C9E00FFA77A /* Datasource.swift */,
				B374FF4C2AE9DD5100C4A042 /* LabelFactory.swift */,
				B3AB72B72AF4A3FB007DB6C5 /* JsonConverter.swift */,
				B3AB72B92AF4AA9C007DB6C5 /* Collection+ext.swift */,
			);
			name = utils;
			sourceTree = "<group>";
		};
/* End PBXGroup section */

/* Begin PBXNativeTarget section */
		B3C5F73E2ADF5A5500FFA77A /* Pokemon-Game-IOS */ = {
			isa = PBXNativeTarget;
			buildConfigurationList = B3C5F7532ADF5A5600FFA77A /* Build configuration list for PBXNativeTarget "Pokemon-Game-IOS" */;
			buildPhases = (
				B3C5F73B2ADF5A5500FFA77A /* Sources */,
				B3C5F73C2ADF5A5500FFA77A /* Frameworks */,
				B3C5F73D2ADF5A5500FFA77A /* Resources */,
			);
			buildRules = (
			);
			dependencies = (
			);
			name = "Pokemon-Game-IOS";
			packageProductDependencies = (
				B3C5F75B2ADF5AF800FFA77A /* Kingfisher */,
			);
			productName = "Pokemon-Game-IOS";
			productReference = B3C5F73F2ADF5A5500FFA77A /* Pokemon-Game-IOS.app */;
			productType = "com.apple.product-type.application";
		};
/* End PBXNativeTarget section */

/* Begin PBXProject section */
		B3C5F7372ADF5A5500FFA77A /* Project object */ = {
			isa = PBXProject;
			attributes = {
				BuildIndependentTargetsInParallel = 1;
				LastSwiftUpdateCheck = 1500;
				LastUpgradeCheck = 1500;
				TargetAttributes = {
					B3C5F73E2ADF5A5500FFA77A = {
						CreatedOnToolsVersion = 15.0;
					};
				};
			};
			buildConfigurationList = B3C5F73A2ADF5A5500FFA77A /* Build configuration list for PBXProject "Pokemon-Game-IOS" */;
			compatibilityVersion = "Xcode 14.0";
			developmentRegion = en;
			hasScannedForEncodings = 0;
			knownRegions = (
				en,
				Base,
			);
			mainGroup = B3C5F7362ADF5A5500FFA77A;
			packageReferences = (
				B3C5F75A2ADF5AF800FFA77A /* XCRemoteSwiftPackageReference "Kingfisher" */,
			);
			productRefGroup = B3C5F7402ADF5A5500FFA77A /* Products */;
			projectDirPath = "";
			projectRoot = "";
			targets = (
				B3C5F73E2ADF5A5500FFA77A /* Pokemon-Game-IOS */,
			);
		};
/* End PBXProject section */

/* Begin PBXResourcesBuildPhase section */
		B3C5F73D2ADF5A5500FFA77A /* Resources */ = {
			isa = PBXResourcesBuildPhase;
			buildActionMask = 2147483647;
			files = (
				B3C5F74F2ADF5A5600FFA77A /* LaunchScreen.storyboard in Resources */,
				B3C5F74C2ADF5A5600FFA77A /* Assets.xcassets in Resources */,
			);
			runOnlyForDeploymentPostprocessing = 0;
		};
/* End PBXResourcesBuildPhase section */

/* Begin PBXSourcesBuildPhase section */
		B3C5F73B2ADF5A5500FFA77A /* Sources */ = {
			isa = PBXSourcesBuildPhase;
			buildActionMask = 2147483647;
			files = (
				B3C5F7622ADF611F00FFA77A /* UIMenuButton.swift in Sources */,
				B3C5F7472ADF5A5500FFA77A /* ViewController.swift in Sources */,
				B3C5F7432ADF5A5500FFA77A /* AppDelegate.swift in Sources */,
				B374FF4D2AE9DD5100C4A042 /* LabelFactory.swift in Sources */,
				B3AB72B82AF4A3FB007DB6C5 /* JsonConverter.swift in Sources */,
				B3AB72BE2AF4AEC6007DB6C5 /* ImageDTO.swift in Sources */,
				B3AB72B62AF4A2F7007DB6C5 /* PokemonDTO.swift in Sources */,
				B3AB72C62AF4B6CD007DB6C5 /* UIGameButton.swift in Sources */,
				B3AB72AE2AF49ED2007DB6C5 /* PokemonData.swift in Sources */,
				B3A26EF62AF3EF1F00DC43A8 /* GameViewController.swift in Sources */,
				B3C5F7602ADF5D9900FFA77A /* UIMenuView.swift in Sources */,
				B3AB72B22AF4A06A007DB6C5 /* PokemonManager.swift in Sources */,
				B3AB72C02AF4AF06007DB6C5 /* ImageManager.swift in Sources */,
				B3AB72BA2AF4AA9C007DB6C5 /* Collection+ext.swift in Sources */,
				B3AB72C22AF4B0D5007DB6C5 /* ManagerProtocol.swift in Sources */,
				B3AB72C82AF4B759007DB6C5 /* ButtonProtocol.swift in Sources */,
				B3C5F75E2ADF5C9E00FFA77A /* Datasource.swift in Sources */,
				B3C5F7452ADF5A5500FFA77A /* SceneDelegate.swift in Sources */,
				B3AB72BC2AF4ADFF007DB6C5 /* ImageData.swift in Sources */,
			);
			runOnlyForDeploymentPostprocessing = 0;
		};
/* End PBXSourcesBuildPhase section */

/* Begin PBXVariantGroup section */
		B3C5F74D2ADF5A5600FFA77A /* LaunchScreen.storyboard */ = {
			isa = PBXVariantGroup;
			children = (
				B3C5F74E2ADF5A5600FFA77A /* Base */,
			);
			name = LaunchScreen.storyboard;
			sourceTree = "<group>";
		};
/* End PBXVariantGroup section */

/* Begin XCBuildConfiguration section */
		B3C5F7512ADF5A5600FFA77A /* Debug */ = {
			isa = XCBuildConfiguration;
			buildSettings = {
				ALWAYS_SEARCH_USER_PATHS = NO;
				ASSETCATALOG_COMPILER_GENERATE_SWIFT_ASSET_SYMBOL_EXTENSIONS = YES;
				CLANG_ANALYZER_NONNULL = YES;
				CLANG_ANALYZER_NUMBER_OBJECT_CONVERSION = YES_AGGRESSIVE;
				CLANG_CXX_LANGUAGE_STANDARD = "gnu++20";
				CLANG_ENABLE_MODULES = YES;
				CLANG_ENABLE_OBJC_ARC = YES;
				CLANG_ENABLE_OBJC_WEAK = YES;
				CLANG_WARN_BLOCK_CAPTURE_AUTORELEASING = YES;
				CLANG_WARN_BOOL_CONVERSION = YES;
				CLANG_WARN_COMMA = YES;
				CLANG_WARN_CONSTANT_CONVERSION = YES;
				CLANG_WARN_DEPRECATED_OBJC_IMPLEMENTATIONS = YES;
				CLANG_WARN_DIRECT_OBJC_ISA_USAGE = YES_ERROR;
				CLANG_WARN_DOCUMENTATION_COMMENTS = YES;
				CLANG_WARN_EMPTY_BODY = YES;
				CLANG_WARN_ENUM_CONVERSION = YES;
				CLANG_WARN_INFINITE_RECURSION = YES;
				CLANG_WARN_INT_CONVERSION = YES;
				CLANG_WARN_NON_LITERAL_NULL_CONVERSION = YES;
				CLANG_WARN_OBJC_IMPLICIT_RETAIN_SELF = YES;
				CLANG_WARN_OBJC_LITERAL_CONVERSION = YES;
				CLANG_WARN_OBJC_ROOT_CLASS = YES_ERROR;
				CLANG_WARN_QUOTED_INCLUDE_IN_FRAMEWORK_HEADER = YES;
				CLANG_WARN_RANGE_LOOP_ANALYSIS = YES;
				CLANG_WARN_STRICT_PROTOTYPES = YES;
				CLANG_WARN_SUSPICIOUS_MOVE = YES;
				CLANG_WARN_UNGUARDED_AVAILABILITY = YES_AGGRESSIVE;
				CLANG_WARN_UNREACHABLE_CODE = YES;
				CLANG_WARN__DUPLICATE_METHOD_MATCH = YES;
				COPY_PHASE_STRIP = NO;
				DEBUG_INFORMATION_FORMAT = dwarf;
				ENABLE_STRICT_OBJC_MSGSEND = YES;
				ENABLE_TESTABILITY = YES;
				ENABLE_USER_SCRIPT_SANDBOXING = YES;
				GCC_C_LANGUAGE_STANDARD = gnu17;
				GCC_DYNAMIC_NO_PIC = NO;
				GCC_NO_COMMON_BLOCKS = YES;
				GCC_OPTIMIZATION_LEVEL = 0;
				GCC_PREPROCESSOR_DEFINITIONS = (
					"DEBUG=1",
					"$(inherited)",
				);
				GCC_WARN_64_TO_32_BIT_CONVERSION = YES;
				GCC_WARN_ABOUT_RETURN_TYPE = YES_ERROR;
				GCC_WARN_UNDECLARED_SELECTOR = YES;
				GCC_WARN_UNINITIALIZED_AUTOS = YES_AGGRESSIVE;
				GCC_WARN_UNUSED_FUNCTION = YES;
				GCC_WARN_UNUSED_VARIABLE = YES;
				IPHONEOS_DEPLOYMENT_TARGET = 17.0;
				LOCALIZATION_PREFERS_STRING_CATALOGS = YES;
				MTL_ENABLE_DEBUG_INFO = INCLUDE_SOURCE;
				MTL_FAST_MATH = YES;
				ONLY_ACTIVE_ARCH = YES;
				SDKROOT = iphoneos;
				SWIFT_ACTIVE_COMPILATION_CONDITIONS = "DEBUG $(inherited)";
				SWIFT_OPTIMIZATION_LEVEL = "-Onone";
			};
			name = Debug;
		};
		B3C5F7522ADF5A5600FFA77A /* Release */ = {
			isa = XCBuildConfiguration;
			buildSettings = {
				ALWAYS_SEARCH_USER_PATHS = NO;
				ASSETCATALOG_COMPILER_GENERATE_SWIFT_ASSET_SYMBOL_EXTENSIONS = YES;
				CLANG_ANALYZER_NONNULL = YES;
				CLANG_ANALYZER_NUMBER_OBJECT_CONVERSION = YES_AGGRESSIVE;
				CLANG_CXX_LANGUAGE_STANDARD = "gnu++20";
				CLANG_ENABLE_MODULES = YES;
				CLANG_ENABLE_OBJC_ARC = YES;
				CLANG_ENABLE_OBJC_WEAK = YES;
				CLANG_WARN_BLOCK_CAPTURE_AUTORELEASING = YES;
				CLANG_WARN_BOOL_CONVERSION = YES;
				CLANG_WARN_COMMA = YES;
				CLANG_WARN_CONSTANT_CONVERSION = YES;
				CLANG_WARN_DEPRECATED_OBJC_IMPLEMENTATIONS = YES;
				CLANG_WARN_DIRECT_OBJC_ISA_USAGE = YES_ERROR;
				CLANG_WARN_DOCUMENTATION_COMMENTS = YES;
				CLANG_WARN_EMPTY_BODY = YES;
				CLANG_WARN_ENUM_CONVERSION = YES;
				CLANG_WARN_INFINITE_RECURSION = YES;
				CLANG_WARN_INT_CONVERSION = YES;
				CLANG_WARN_NON_LITERAL_NULL_CONVERSION = YES;
				CLANG_WARN_OBJC_IMPLICIT_RETAIN_SELF = YES;
				CLANG_WARN_OBJC_LITERAL_CONVERSION = YES;
				CLANG_WARN_OBJC_ROOT_CLASS = YES_ERROR;
				CLANG_WARN_QUOTED_INCLUDE_IN_FRAMEWORK_HEADER = YES;
				CLANG_WARN_RANGE_LOOP_ANALYSIS = YES;
				CLANG_WARN_STRICT_PROTOTYPES = YES;
				CLANG_WARN_SUSPICIOUS_MOVE = YES;
				CLANG_WARN_UNGUARDED_AVAILABILITY = YES_AGGRESSIVE;
				CLANG_WARN_UNREACHABLE_CODE = YES;
				CLANG_WARN__DUPLICATE_METHOD_MATCH = YES;
				COPY_PHASE_STRIP = NO;
				DEBUG_INFORMATION_FORMAT = "dwarf-with-dsym";
				ENABLE_NS_ASSERTIONS = NO;
				ENABLE_STRICT_OBJC_MSGSEND = YES;
				ENABLE_USER_SCRIPT_SANDBOXING = YES;
				GCC_C_LANGUAGE_STANDARD = gnu17;
				GCC_NO_COMMON_BLOCKS = YES;
				GCC_WARN_64_TO_32_BIT_CONVERSION = YES;
				GCC_WARN_ABOUT_RETURN_TYPE = YES_ERROR;
				GCC_WARN_UNDECLARED_SELECTOR = YES;
				GCC_WARN_UNINITIALIZED_AUTOS = YES_AGGRESSIVE;
				GCC_WARN_UNUSED_FUNCTION = YES;
				GCC_WARN_UNUSED_VARIABLE = YES;
				IPHONEOS_DEPLOYMENT_TARGET = 17.0;
				LOCALIZATION_PREFERS_STRING_CATALOGS = YES;
				MTL_ENABLE_DEBUG_INFO = NO;
				MTL_FAST_MATH = YES;
				SDKROOT = iphoneos;
				SWIFT_COMPILATION_MODE = wholemodule;
				VALIDATE_PRODUCT = YES;
			};
			name = Release;
		};
		B3C5F7542ADF5A5600FFA77A /* Debug */ = {
			isa = XCBuildConfiguration;
			buildSettings = {
				ASSETCATALOG_COMPILER_APPICON_NAME = AppIcon;
				ASSETCATALOG_COMPILER_GLOBAL_ACCENT_COLOR_NAME = AccentColor;
				CODE_SIGN_STYLE = Automatic;
				CURRENT_PROJECT_VERSION = 1;
				DEVELOPMENT_TEAM = DFGF3RJ9TV;
				GENERATE_INFOPLIST_FILE = YES;
				INFOPLIST_FILE = "Pokemon-Game-IOS/Info.plist";
				INFOPLIST_KEY_UIApplicationSupportsIndirectInputEvents = YES;
				INFOPLIST_KEY_UILaunchStoryboardName = LaunchScreen;
				INFOPLIST_KEY_UISupportedInterfaceOrientations_iPad = "UIInterfaceOrientationPortrait UIInterfaceOrientationPortraitUpsideDown UIInterfaceOrientationLandscapeLeft UIInterfaceOrientationLandscapeRight";
				INFOPLIST_KEY_UISupportedInterfaceOrientations_iPhone = "UIInterfaceOrientationPortrait UIInterfaceOrientationLandscapeLeft UIInterfaceOrientationLandscapeRight";
				LD_RUNPATH_SEARCH_PATHS = (
					"$(inherited)",
					"@executable_path/Frameworks",
				);
				MARKETING_VERSION = 1.0;
				PRODUCT_BUNDLE_IDENTIFIER = "com.hexalsoft.Pokemon-Game-IOS";
				PRODUCT_NAME = "$(TARGET_NAME)";
				SWIFT_EMIT_LOC_STRINGS = YES;
				SWIFT_VERSION = 5.0;
				TARGETED_DEVICE_FAMILY = "1,2";
			};
			name = Debug;
		};
		B3C5F7552ADF5A5600FFA77A /* Release */ = {
			isa = XCBuildConfiguration;
			buildSettings = {
				ASSETCATALOG_COMPILER_APPICON_NAME = AppIcon;
				ASSETCATALOG_COMPILER_GLOBAL_ACCENT_COLOR_NAME = AccentColor;
				CODE_SIGN_STYLE = Automatic;
				CURRENT_PROJECT_VERSION = 1;
				DEVELOPMENT_TEAM = DFGF3RJ9TV;
				GENERATE_INFOPLIST_FILE = YES;
				INFOPLIST_FILE = "Pokemon-Game-IOS/Info.plist";
				INFOPLIST_KEY_UIApplicationSupportsIndirectInputEvents = YES;
				INFOPLIST_KEY_UILaunchStoryboardName = LaunchScreen;
				INFOPLIST_KEY_UISupportedInterfaceOrientations_iPad = "UIInterfaceOrientationPortrait UIInterfaceOrientationPortraitUpsideDown UIInterfaceOrientationLandscapeLeft UIInterfaceOrientationLandscapeRight";
				INFOPLIST_KEY_UISupportedInterfaceOrientations_iPhone = "UIInterfaceOrientationPortrait UIInterfaceOrientationLandscapeLeft UIInterfaceOrientationLandscapeRight";
				LD_RUNPATH_SEARCH_PATHS = (
					"$(inherited)",
					"@executable_path/Frameworks",
				);
				MARKETING_VERSION = 1.0;
				PRODUCT_BUNDLE_IDENTIFIER = "com.hexalsoft.Pokemon-Game-IOS";
				PRODUCT_NAME = "$(TARGET_NAME)";
				SWIFT_EMIT_LOC_STRINGS = YES;
				SWIFT_VERSION = 5.0;
				TARGETED_DEVICE_FAMILY = "1,2";
			};
			name = Release;
		};
/* End XCBuildConfiguration section */

/* Begin XCConfigurationList section */
		B3C5F73A2ADF5A5500FFA77A /* Build configuration list for PBXProject "Pokemon-Game-IOS" */ = {
			isa = XCConfigurationList;
			buildConfigurations = (
				B3C5F7512ADF5A5600FFA77A /* Debug */,
				B3C5F7522ADF5A5600FFA77A /* Release */,
			);
			defaultConfigurationIsVisible = 0;
			defaultConfigurationName = Release;
		};
		B3C5F7532ADF5A5600FFA77A /* Build configuration list for PBXNativeTarget "Pokemon-Game-IOS" */ = {
			isa = XCConfigurationList;
			buildConfigurations = (
				B3C5F7542ADF5A5600FFA77A /* Debug */,
				B3C5F7552ADF5A5600FFA77A /* Release */,
			);
			defaultConfigurationIsVisible = 0;
			defaultConfigurationName = Release;
		};
/* End XCConfigurationList section */

/* Begin XCRemoteSwiftPackageReference section */
		B3C5F75A2ADF5AF800FFA77A /* XCRemoteSwiftPackageReference "Kingfisher" */ = {
			isa = XCRemoteSwiftPackageReference;
			repositoryURL = "https://github.com/onevcat/Kingfisher.git";
			requirement = {
				kind = upToNextMajorVersion;
				minimumVersion = 7.9.1;
			};
		};
/* End XCRemoteSwiftPackageReference section */

/* Begin XCSwiftPackageProductDependency section */
		B3C5F75B2ADF5AF800FFA77A /* Kingfisher */ = {
			isa = XCSwiftPackageProductDependency;
			package = B3C5F75A2ADF5AF800FFA77A /* XCRemoteSwiftPackageReference "Kingfisher" */;
			productName = Kingfisher;
		};
/* End XCSwiftPackageProductDependency section */
	};
	rootObject = B3C5F7372ADF5A5500FFA77A /* Project object */;
}
